
Microsoft Visual Studio Solution File, Format Version 12.00
# Visual Studio Version 17
VisualStudioVersion = 17.9.34622.214
MinimumVisualStudioVersion = 10.0.40219.1
Project("{9A19103F-16F7-4668-BE54-9A1E7A4F7556}") = "BotQuotaManager", "BotQuotaManager.csproj", "{8527C42E-7550-49E6-89DC-B47A629F1427}"
EndProject
Global
	GlobalSection(SolutionConfigurationPlatforms) = preSolution
		Debug|Any CPU = Debug|Any CPU
		Release|Any CPU = Release|Any CPU
	EndGlobalSection
	GlobalSection(ProjectConfigurationPlatforms) = postSolution
		{8527C42E-7550-49E6-89DC-B47A629F1427}.Debug|Any CPU.ActiveCfg = Debug|Any CPU
		{8527C42E-7550-49E6-89DC-B47A629F1427}.Debug|Any CPU.Build.0 = Debug|Any CPU
		{8527C42E-7550-49E6-89DC-B47A629F1427}.Release|Any CPU.ActiveCfg = Release|Any CPU
		{8527C42E-7550-49E6-89DC-B47A629F1427}.Release|Any CPU.Build.0 = Release|Any CPU
	EndGlobalSection
	GlobalSection(SolutionProperties) = preSolution
		HideSolutionNode = FALSE
	EndGlobalSection
	GlobalSection(ExtensibilityGlobals) = postSolution
		SolutionGuid = {950B5217-6234-4B62-B039-E392C2D80D4F}
	EndGlobalSection
EndGlobal
